
Microsoft Visual Studio Solution File, Format Version 11.00
# Visual Studio 2010
Project("{FAE04EC0-301F-11D3-BF4B-00C04F79EFBC}") = "Ultima", "Ultima\Ultima.csproj", "{E08CFBE4-E013-44EE-8829-426D05BC083F}"
EndProject
Project("{FAE04EC0-301F-11D3-BF4B-00C04F79EFBC}") = "Controls", "Controls\Controls.csproj", "{BBF3C337-3D0E-484D-8C59-BA8296C5897C}"
EndProject
Project("{FAE04EC0-301F-11D3-BF4B-00C04F79EFBC}") = "UoFiddler", "UoFiddler\UoFiddler.csproj", "{693F2BBC-7856-4751-9FAD-B06FABAAEE53}"
EndProject
Project("{FAE04EC0-301F-11D3-BF4B-00C04F79EFBC}") = "FiddlerPlugin", "FiddlerPlugin\FiddlerPlugin.csproj", "{E22921FF-9EC8-4DEB-A4C1-CE67315F465E}"
EndProject
Project("{FAE04EC0-301F-11D3-BF4B-00C04F79EFBC}") = "SendItem", "SendItem\SendItem.csproj", "{AF2D75B8-C71A-4582-AADF-B8CD9789427C}"
EndProject
Project("{FAE04EC0-301F-11D3-BF4B-00C04F79EFBC}") = "ComparePlugin", "ComparePlugin\ComparePlugin.csproj", "{1F84EDD1-C407-410A-BD9C-36E846BFA675}"
EndProject
Project("{FAE04EC0-301F-11D3-BF4B-00C04F79EFBC}") = "MultiEditor", "MultiEditor\MultiEditor.csproj", "{ACDF6427-85CF-4A38-AD97-75103EE8026E}"
EndProject
Project("{FAE04EC0-301F-11D3-BF4B-00C04F79EFBC}") = "MassImportPlugin", "MassImportPlugin\MassImportPlugin.csproj", "{43393FEB-36CF-41B7-8ADA-A581D498FF40}"
EndProject
Global
	GlobalSection(SolutionConfigurationPlatforms) = preSolution
		Debug|Any CPU = Debug|Any CPU
		Debug|x64 = Debug|x64
		Debug|x86 = Debug|x86
		Release|Any CPU = Release|Any CPU
		Release|x64 = Release|x64
		Release|x86 = Release|x86
	EndGlobalSection
	GlobalSection(ProjectConfigurationPlatforms) = postSolution
		{E08CFBE4-E013-44EE-8829-426D05BC083F}.Debug|Any CPU.ActiveCfg = Debug|Any CPU
		{E08CFBE4-E013-44EE-8829-426D05BC083F}.Debug|Any CPU.Build.0 = Debug|Any CPU
		{E08CFBE4-E013-44EE-8829-426D05BC083F}.Debug|x64.ActiveCfg = Debug|x64
		{E08CFBE4-E013-44EE-8829-426D05BC083F}.Debug|x64.Build.0 = Debug|x64
		{E08CFBE4-E013-44EE-8829-426D05BC083F}.Debug|x86.ActiveCfg = Debug|x86
		{E08CFBE4-E013-44EE-8829-426D05BC083F}.Debug|x86.Build.0 = Debug|x86
		{E08CFBE4-E013-44EE-8829-426D05BC083F}.Release|Any CPU.ActiveCfg = Release|Any CPU
		{E08CFBE4-E013-44EE-8829-426D05BC083F}.Release|Any CPU.Build.0 = Release|Any CPU
		{E08CFBE4-E013-44EE-8829-426D05BC083F}.Release|x64.ActiveCfg = Release|x64
		{E08CFBE4-E013-44EE-8829-426D05BC083F}.Release|x64.Build.0 = Release|x64
		{E08CFBE4-E013-44EE-8829-426D05BC083F}.Release|x86.ActiveCfg = Release|x86
		{E08CFBE4-E013-44EE-8829-426D05BC083F}.Release|x86.Build.0 = Release|x86
		{BBF3C337-3D0E-484D-8C59-BA8296C5897C}.Debug|Any CPU.ActiveCfg = Debug|Any CPU
		{BBF3C337-3D0E-484D-8C59-BA8296C5897C}.Debug|Any CPU.Build.0 = Debug|Any CPU
		{BBF3C337-3D0E-484D-8C59-BA8296C5897C}.Debug|x64.ActiveCfg = Debug|x64
		{BBF3C337-3D0E-484D-8C59-BA8296C5897C}.Debug|x64.Build.0 = Debug|x64
		{BBF3C337-3D0E-484D-8C59-BA8296C5897C}.Debug|x86.ActiveCfg = Debug|x86
		{BBF3C337-3D0E-484D-8C59-BA8296C5897C}.Debug|x86.Build.0 = Debug|x86
		{BBF3C337-3D0E-484D-8C59-BA8296C5897C}.Release|Any CPU.ActiveCfg = Release|Any CPU
		{BBF3C337-3D0E-484D-8C59-BA8296C5897C}.Release|Any CPU.Build.0 = Release|Any CPU
		{BBF3C337-3D0E-484D-8C59-BA8296C5897C}.Release|x64.ActiveCfg = Release|x64
		{BBF3C337-3D0E-484D-8C59-BA8296C5897C}.Release|x64.Build.0 = Release|x64
		{BBF3C337-3D0E-484D-8C59-BA8296C5897C}.Release|x86.ActiveCfg = Release|x86
		{BBF3C337-3D0E-484D-8C59-BA8296C5897C}.Release|x86.Build.0 = Release|x86
		{693F2BBC-7856-4751-9FAD-B06FABAAEE53}.Debug|Any CPU.ActiveCfg = Debug|Any CPU
		{693F2BBC-7856-4751-9FAD-B06FABAAEE53}.Debug|Any CPU.Build.0 = Debug|Any CPU
		{693F2BBC-7856-4751-9FAD-B06FABAAEE53}.Debug|x64.ActiveCfg = Debug|x64
		{693F2BBC-7856-4751-9FAD-B06FABAAEE53}.Debug|x64.Build.0 = Debug|x64
		{693F2BBC-7856-4751-9FAD-B06FABAAEE53}.Debug|x86.ActiveCfg = Debug|x86
		{693F2BBC-7856-4751-9FAD-B06FABAAEE53}.Debug|x86.Build.0 = Debug|x86
		{693F2BBC-7856-4751-9FAD-B06FABAAEE53}.Release|Any CPU.ActiveCfg = Release|Any CPU
		{693F2BBC-7856-4751-9FAD-B06FABAAEE53}.Release|Any CPU.Build.0 = Release|Any CPU
		{693F2BBC-7856-4751-9FAD-B06FABAAEE53}.Release|x64.ActiveCfg = Release|x64
		{693F2BBC-7856-4751-9FAD-B06FABAAEE53}.Release|x64.Build.0 = Release|x64
		{693F2BBC-7856-4751-9FAD-B06FABAAEE53}.Release|x86.ActiveCfg = Release|x86
		{693F2BBC-7856-4751-9FAD-B06FABAAEE53}.Release|x86.Build.0 = Release|x86
		{E22921FF-9EC8-4DEB-A4C1-CE67315F465E}.Debug|Any CPU.ActiveCfg = Debug|Any CPU
		{E22921FF-9EC8-4DEB-A4C1-CE67315F465E}.Debug|Any CPU.Build.0 = Debug|Any CPU
		{E22921FF-9EC8-4DEB-A4C1-CE67315F465E}.Debug|x64.ActiveCfg = Debug|x64
		{E22921FF-9EC8-4DEB-A4C1-CE67315F465E}.Debug|x64.Build.0 = Debug|x64
		{E22921FF-9EC8-4DEB-A4C1-CE67315F465E}.Debug|x86.ActiveCfg = Debug|x86
		{E22921FF-9EC8-4DEB-A4C1-CE67315F465E}.Debug|x86.Build.0 = Debug|x86
		{E22921FF-9EC8-4DEB-A4C1-CE67315F465E}.Release|Any CPU.ActiveCfg = Release|Any CPU
		{E22921FF-9EC8-4DEB-A4C1-CE67315F465E}.Release|Any CPU.Build.0 = Release|Any CPU
		{E22921FF-9EC8-4DEB-A4C1-CE67315F465E}.Release|x64.ActiveCfg = Release|x64
		{E22921FF-9EC8-4DEB-A4C1-CE67315F465E}.Release|x64.Build.0 = Release|x64
		{E22921FF-9EC8-4DEB-A4C1-CE67315F465E}.Release|x86.ActiveCfg = Release|x86
		{E22921FF-9EC8-4DEB-A4C1-CE67315F465E}.Release|x86.Build.0 = Release|x86
		{AF2D75B8-C71A-4582-AADF-B8CD9789427C}.Debug|Any CPU.ActiveCfg = Debug|Any CPU
		{AF2D75B8-C71A-4582-AADF-B8CD9789427C}.Debug|Any CPU.Build.0 = Debug|Any CPU
		{AF2D75B8-C71A-4582-AADF-B8CD9789427C}.Debug|x64.ActiveCfg = Debug|x64
		{AF2D75B8-C71A-4582-AADF-B8CD9789427C}.Debug|x64.Build.0 = Debug|x64
		{AF2D75B8-C71A-4582-AADF-B8CD9789427C}.Debug|x86.ActiveCfg = Debug|x86
		{AF2D75B8-C71A-4582-AADF-B8CD9789427C}.Debug|x86.Build.0 = Debug|x86
		{AF2D75B8-C71A-4582-AADF-B8CD9789427C}.Release|Any CPU.ActiveCfg = Release|Any CPU
		{AF2D75B8-C71A-4582-AADF-B8CD9789427C}.Release|Any CPU.Build.0 = Release|Any CPU
		{AF2D75B8-C71A-4582-AADF-B8CD9789427C}.Release|x64.ActiveCfg = Release|x64
		{AF2D75B8-C71A-4582-AADF-B8CD9789427C}.Release|x64.Build.0 = Release|x64
		{AF2D75B8-C71A-4582-AADF-B8CD9789427C}.Release|x86.ActiveCfg = Release|x86
		{AF2D75B8-C71A-4582-AADF-B8CD9789427C}.Release|x86.Build.0 = Release|x86
		{1F84EDD1-C407-410A-BD9C-36E846BFA675}.Debug|Any CPU.ActiveCfg = Debug|Any CPU
		{1F84EDD1-C407-410A-BD9C-36E846BFA675}.Debug|Any CPU.Build.0 = Debug|Any CPU
		{1F84EDD1-C407-410A-BD9C-36E846BFA675}.Debug|x64.ActiveCfg = Debug|x64
		{1F84EDD1-C407-410A-BD9C-36E846BFA675}.Debug|x64.Build.0 = Debug|x64
		{1F84EDD1-C407-410A-BD9C-36E846BFA675}.Debug|x86.ActiveCfg = Debug|x86
		{1F84EDD1-C407-410A-BD9C-36E846BFA675}.Debug|x86.Build.0 = Debug|x86
		{1F84EDD1-C407-410A-BD9C-36E846BFA675}.Release|Any CPU.ActiveCfg = Release|Any CPU
		{1F84EDD1-C407-410A-BD9C-36E846BFA675}.Release|Any CPU.Build.0 = Release|Any CPU
		{1F84EDD1-C407-410A-BD9C-36E846BFA675}.Release|x64.ActiveCfg = Release|x64
		{1F84EDD1-C407-410A-BD9C-36E846BFA675}.Release|x64.Build.0 = Release|x64
		{1F84EDD1-C407-410A-BD9C-36E846BFA675}.Release|x86.ActiveCfg = Release|x86
		{1F84EDD1-C407-410A-BD9C-36E846BFA675}.Release|x86.Build.0 = Release|x86
		{ACDF6427-85CF-4A38-AD97-75103EE8026E}.Debug|Any CPU.ActiveCfg = Debug|Any CPU
		{ACDF6427-85CF-4A38-AD97-75103EE8026E}.Debug|Any CPU.Build.0 = Debug|Any CPU
		{ACDF6427-85CF-4A38-AD97-75103EE8026E}.Debug|x64.ActiveCfg = Debug|x64
		{ACDF6427-85CF-4A38-AD97-75103EE8026E}.Debug|x64.Build.0 = Debug|x64
		{ACDF6427-85CF-4A38-AD97-75103EE8026E}.Debug|x86.ActiveCfg = Debug|x86
		{ACDF6427-85CF-4A38-AD97-75103EE8026E}.Debug|x86.Build.0 = Debug|x86
		{ACDF6427-85CF-4A38-AD97-75103EE8026E}.Release|Any CPU.ActiveCfg = Release|Any CPU
		{ACDF6427-85CF-4A38-AD97-75103EE8026E}.Release|Any CPU.Build.0 = Release|Any CPU
		{ACDF6427-85CF-4A38-AD97-75103EE8026E}.Release|x64.ActiveCfg = Release|x64
		{ACDF6427-85CF-4A38-AD97-75103EE8026E}.Release|x64.Build.0 = Release|x64
		{ACDF6427-85CF-4A38-AD97-75103EE8026E}.Release|x86.ActiveCfg = Release|x86
		{ACDF6427-85CF-4A38-AD97-75103EE8026E}.Release|x86.Build.0 = Release|x86
		{43393FEB-36CF-41B7-8ADA-A581D498FF40}.Debug|Any CPU.ActiveCfg = Debug|Any CPU
		{43393FEB-36CF-41B7-8ADA-A581D498FF40}.Debug|Any CPU.Build.0 = Debug|Any CPU
		{43393FEB-36CF-41B7-8ADA-A581D498FF40}.Debug|x64.ActiveCfg = Debug|Any CPU
		{43393FEB-36CF-41B7-8ADA-A581D498FF40}.Debug|x86.ActiveCfg = Debug|Any CPU
		{43393FEB-36CF-41B7-8ADA-A581D498FF40}.Release|Any CPU.ActiveCfg = Release|Any CPU
		{43393FEB-36CF-41B7-8ADA-A581D498FF40}.Release|Any CPU.Build.0 = Release|Any CPU
		{43393FEB-36CF-41B7-8ADA-A581D498FF40}.Release|x64.ActiveCfg = Release|Any CPU
		{43393FEB-36CF-41B7-8ADA-A581D498FF40}.Release|x86.ActiveCfg = Release|Any CPU
		{7DEA53AF-866D-4C4F-976B-4B0096F5B1C7}.Debug|Any CPU.ActiveCfg = Debug|Any CPU
		{7DEA53AF-866D-4C4F-976B-4B0096F5B1C7}.Debug|Any CPU.Build.0 = Debug|Any CPU
		{7DEA53AF-866D-4C4F-976B-4B0096F5B1C7}.Debug|x64.ActiveCfg = Debug|Any CPU
		{7DEA53AF-866D-4C4F-976B-4B0096F5B1C7}.Debug|x86.ActiveCfg = Debug|Any CPU
		{7DEA53AF-866D-4C4F-976B-4B0096F5B1C7}.Release|Any CPU.ActiveCfg = Release|Any CPU
		{7DEA53AF-866D-4C4F-976B-4B0096F5B1C7}.Release|Any CPU.Build.0 = Release|Any CPU
		{7DEA53AF-866D-4C4F-976B-4B0096F5B1C7}.Release|x64.ActiveCfg = Release|Any CPU
		{7DEA53AF-866D-4C4F-976B-4B0096F5B1C7}.Release|x86.ActiveCfg = Release|Any CPU
		{45C15C6E-143D-4BA2-A0D5-A94F1C95819B}.Debug|Any CPU.ActiveCfg = Debug|Any CPU
		{45C15C6E-143D-4BA2-A0D5-A94F1C95819B}.Debug|Any CPU.Build.0 = Debug|Any CPU
		{45C15C6E-143D-4BA2-A0D5-A94F1C95819B}.Debug|x64.ActiveCfg = Debug|Any CPU
		{45C15C6E-143D-4BA2-A0D5-A94F1C95819B}.Debug|x86.ActiveCfg = Debug|Any CPU
		{45C15C6E-143D-4BA2-A0D5-A94F1C95819B}.Release|Any CPU.ActiveCfg = Release|Any CPU
		{45C15C6E-143D-4BA2-A0D5-A94F1C95819B}.Release|Any CPU.Build.0 = Release|Any CPU
		{45C15C6E-143D-4BA2-A0D5-A94F1C95819B}.Release|x64.ActiveCfg = Release|Any CPU
		{45C15C6E-143D-4BA2-A0D5-A94F1C95819B}.Release|x86.ActiveCfg = Release|Any CPU
	EndGlobalSection
	GlobalSection(SolutionProperties) = preSolution
		HideSolutionNode = FALSE
	EndGlobalSection
	GlobalSection(ExtensibilityGlobals) = postSolution
		AMDCaProjectFile = E:\UO-Stuff\UOFiddler\CodeAnalyst\UoFiddler.caw
	EndGlobalSection
EndGlobal
